
Microsoft Visual Studio Solution File, Format Version 12.00
# Visual Studio Version 17
VisualStudioVersion = 17.4.33205.214
MinimumVisualStudioVersion = 10.0.40219.1
Project("{9A19103F-16F7-4668-BE54-9A1E7A4F7556}") = "OFJ.Common", "OFJ.Common\OFJ.Common.csproj", "{05C5A51D-15CE-4B2E-86FA-7E4B8EAF9D85}"
EndProject
Global
	GlobalSection(SolutionConfigurationPlatforms) = preSolution
		Debug|Any CPU = Debug|Any CPU
		Release|Any CPU = Release|Any CPU
	EndGlobalSection
	GlobalSection(ProjectConfigurationPlatforms) = postSolution
		{05C5A51D-15CE-4B2E-86FA-7E4B8EAF9D85}.Debug|Any CPU.ActiveCfg = Debug|Any CPU
		{05C5A51D-15CE-4B2E-86FA-7E4B8EAF9D85}.Debug|Any CPU.Build.0 = Debug|Any CPU
		{05C5A51D-15CE-4B2E-86FA-7E4B8EAF9D85}.Release|Any CPU.ActiveCfg = Release|Any CPU
		{05C5A51D-15CE-4B2E-86FA-7E4B8EAF9D85}.Release|Any CPU.Build.0 = Release|Any CPU
	EndGlobalSection
	GlobalSection(SolutionProperties) = preSolution
		HideSolutionNode = FALSE
	EndGlobalSection
	GlobalSection(ExtensibilityGlobals) = postSolution
		SolutionGuid = {F432C09B-23EF-45AE-BBBB-556F2E0915E3}
	EndGlobalSection
EndGlobal
